
Microsoft Visual Studio Solution File, Format Version 12.00
# Visual Studio Version 17
VisualStudioVersion = 17.14.36414.22 d17.14
MinimumVisualStudioVersion = 10.0.40219.1
Project("{FAE04EC0-301F-11D3-BF4B-00C04F79EFBC}") = "YASN.App", "src\\YASN.App\\YASN.App.csproj", "{74100E49-FAB8-48D1-8CEA-0DC83D1AFDCF}"
EndProject
Global
	GlobalSection(SolutionConfigurationPlatforms) = preSolution
		Debug|Any CPU = Debug|Any CPU
		Release|Any CPU = Release|Any CPU
	EndGlobalSection
	GlobalSection(ProjectConfigurationPlatforms) = postSolution
		{74100E49-FAB8-48D1-8CEA-0DC83D1AFDCF}.Debug|Any CPU.ActiveCfg = Debug|Any CPU
		{74100E49-FAB8-48D1-8CEA-0DC83D1AFDCF}.Debug|Any CPU.Build.0 = Debug|Any CPU
		{74100E49-FAB8-48D1-8CEA-0DC83D1AFDCF}.Release|Any CPU.ActiveCfg = Release|Any CPU
		{74100E49-FAB8-48D1-8CEA-0DC83D1AFDCF}.Release|Any CPU.Build.0 = Release|Any CPU
	EndGlobalSection
	GlobalSection(SolutionProperties) = preSolution
		HideSolutionNode = FALSE
	EndGlobalSection
	GlobalSection(ExtensibilityGlobals) = postSolution
		SolutionGuid = {DC60CE18-1DAF-488B-B1A8-72B8F60AEC86}
	EndGlobalSection
EndGlobal
